
Microsoft Visual Studio Solution File, Format Version 12.00
# Visual Studio Version 16
VisualStudioVersion = 16.0.30621.155
MinimumVisualStudioVersion = 10.0.40219.1
Project("{FAE04EC0-301F-11D3-BF4B-00C04F79EFBC}") = "CMDculator", "CMDculator\CMDculator.csproj", "{3DADB33D-B653-42B3-809B-B0DAE3E9DCFD}"
EndProject
Global
	GlobalSection(SolutionConfigurationPlatforms) = preSolution
		Debug|Any CPU = Debug|Any CPU
		Release|Any CPU = Release|Any CPU
	EndGlobalSection
	GlobalSection(ProjectConfigurationPlatforms) = postSolution
		{3DADB33D-B653-42B3-809B-B0DAE3E9DCFD}.Debug|Any CPU.ActiveCfg = Debug|Any CPU
		{3DADB33D-B653-42B3-809B-B0DAE3E9DCFD}.Debug|Any CPU.Build.0 = Debug|Any CPU
		{3DADB33D-B653-42B3-809B-B0DAE3E9DCFD}.Release|Any CPU.ActiveCfg = Release|Any CPU
		{3DADB33D-B653-42B3-809B-B0DAE3E9DCFD}.Release|Any CPU.Build.0 = Release|Any CPU
	EndGlobalSection
	GlobalSection(SolutionProperties) = preSolution
		HideSolutionNode = FALSE
	EndGlobalSection
	GlobalSection(ExtensibilityGlobals) = postSolution
		SolutionGuid = {26EA429E-247A-4D1C-BC50-4331C4D12DBD}
	EndGlobalSection
EndGlobal
